Microsoft Visual Studio Solution File, Format Version 12.00
# Visual Studio 15
VisualStudioVersion = 15.0.28307.106
MinimumVisualStudioVersion = 10.0.40219.1
Project("{9A19103F-16F7-4668-BE54-9A1E7A4F7556}") = "BoilerDemo_Full", "BoilerDemo_Full.csproj", "{FCC1401D-8550-54C9-9C02-263F141B7CCB}"
EndProject
Global
    GlobalSection(SolutionConfigurationPlatforms) = preSolution
        Debug|Any CPU = Debug|Any CPU
        Release|Any CPU = Release|Any CPU
    EndGlobalSection
    GlobalSection(ProjectConfigurationPlatforms) = postSolution
        {FCC1401D-8550-54C9-9C02-263F141B7CCB}.Debug|Any CPU.ActiveCfg = Debug|Any CPU
        {FCC1401D-8550-54C9-9C02-263F141B7CCB}.Debug|Any CPU.Build.0 = Debug|Any CPU
        {FCC1401D-8550-54C9-9C02-263F141B7CCB}.Release|Any CPU.ActiveCfg = Release|Any CPU
        {FCC1401D-8550-54C9-9C02-263F141B7CCB}.Release|Any CPU.Build.0 = Release|Any CPU
    EndGlobalSection
    GlobalSection(SolutionProperties) = preSolution
        HideSolutionNode = FALSE
    EndGlobalSection
EndGlobal
